// !$*UTF8*$!
{
	archiveVersion = 1;
	classes = {
	};
	objectVersion = 50;
	objects = {

/* Begin PBXBuildFile section */
		FB031ABA22F2BB060002B5DB /* AppDelegate.swift in Sources */ = {isa = PBXBuildFile; fileRef = FB031AB922F2BB060002B5DB /* AppDelegate.swift */; };
		FB031ABC22F2BB060002B5DB /* SceneDelegate.swift in Sources */ = {isa = PBXBuildFile; fileRef = FB031ABB22F2BB060002B5DB /* SceneDelegate.swift */; };
		FB031ABE22F2BB060002B5DB /* ContentView.swift in Sources */ = {isa = PBXBuildFile; fileRef = FB031ABD22F2BB060002B5DB /* ContentView.swift */; };
		FB031AC022F2BB070002B5DB /* Assets.xcassets in Resources */ = {isa = PBXBuildFile; fileRef = FB031ABF22F2BB070002B5DB /* Assets.xcassets */; };
		FB031AC322F2BB070002B5DB /* Preview Assets.xcassets in Resources */ = {isa = PBXBuildFile; fileRef = FB031AC222F2BB070002B5DB /* Preview Assets.xcassets */; };
		FB031AC622F2BB070002B5DB /* LaunchScreen.storyboard in Resources */ = {isa = PBXBuildFile; fileRef = FB031AC422F2BB070002B5DB /* LaunchScreen.storyboard */; };
/* End PBXBuildFile section */

/* Begin PBXFileReference section */
		FB031AB622F2BB060002B5DB /* MoyaEx.app */ = {isa = PBXFileReference; explicitFileType = wrapper.application; includeInIndex = 0; path = MoyaEx.app; sourceTree = BUILT_PRODUCTS_DIR; };
		FB031AB922F2BB060002B5DB /* AppDelegate.swift */ = {isa = PBXFileReference; lastKnownFileType = sourcecode.swift; path = AppDelegate.swift; sourceTree = "<group>"; };
		FB031ABB22F2BB060002B5DB /* SceneDelegate.swift */ = {isa = PBXFileReference; lastKnownFileType = sourcecode.swift; path = SceneDelegate.swift; sourceTree = "<group>"; };
		FB031ABD22F2BB060002B5DB /* ContentView.swift */ = {isa = PBXFileReference; lastKnownFileType = sourcecode.swift; path = ContentView.swift; sourceTree = "<group>"; };
		FB031ABF22F2BB070002B5DB /* Assets.xcassets */ = {isa = PBXFileReference; lastKnownFileType = folder.assetcatalog; path = Assets.xcassets; sourceTree = "<group>"; };
		FB031AC222F2BB070002B5DB /* Preview Assets.xcassets */ = {isa = PBXFileReference; lastKnownFileType = folder.assetcatalog; path = "Preview Assets.xcassets"; sourceTree = "<group>"; };
		FB031AC522F2BB070002B5DB /* Base */ = {isa = PBXFileReference; lastKnownFileType = file.storyboard; name = Base; path = Base.lproj/LaunchScreen.storyboard; sourceTree = "<group>"; };
		FB031AC722F2BB070002B5DB /* Info.plist */ = {isa = PBXFileReference; lastKnownFileType = text.plist.xml; path = Info.plist; sourceTree = "<group>"; };
/* End PBXFileReference section */

/* Begin PBXFrameworksBuildPhase section */
		FB031AB322F2BB060002B5DB /* Frameworks */ = {
			isa = PBXFrameworksBuildPhase;
			buildActionMask = 2147483647;
			files = (
			);
			runOnlyForDeploymentPostprocessing = 0;
		};
/* End PBXFrameworksBuildPhase section */

/* Begin PBXGroup section */
		FB031AAD22F2BB060002B5DB = {
			isa = PBXGroup;
			children = (
				FB031AB822F2BB060002B5DB /* MoyaEx */,
				FB031AB722F2BB060002B5DB /* Products */,
			);
			sourceTree = "<group>";
		};
		FB031AB722F2BB060002B5DB /* Products */ = {
			isa = PBXGroup;
			children = (
				FB031AB622F2BB060002B5DB /* MoyaEx.app */,
			);
			name = Products;
			sourceTree = "<group>";
		};
		FB031AB822F2BB060002B5DB /* MoyaEx */ = {
			isa = PBXGroup;
			children = (
				FB031AB922F2BB060002B5DB /* AppDelegate.swift */,
				FB031ABB22F2BB060002B5DB /* SceneDelegate.swift */,
				FB031ABD22F2BB060002B5DB /* ContentView.swift */,
				FB031ABF22F2BB070002B5DB /* Assets.xcassets */,
				FB031AC422F2BB070002B5DB /* LaunchScreen.storyboard */,
				FB031AC722F2BB070002B5DB /* Info.plist */,
				FB031AC122F2BB070002B5DB /* Preview Content */,
			);
			path = MoyaEx;
			sourceTree = "<group>";
		};
		FB031AC122F2BB070002B5DB /* Preview Content */ = {
			isa = PBXGroup;
			children = (
				FB031AC222F2BB070002B5DB /* Preview Assets.xcassets */,
			);
			path = "Preview Content";
			sourceTree = "<group>";
		};
/* End PBXGroup section */

/* Begin PBXNativeTarget section */
		FB031AB522F2BB060002B5DB /* MoyaEx */ = {
			isa = PBXNativeTarget;
			buildConfigurationList = FB031ACA22F2BB070002B5DB /* Build configuration list for PBXNativeTarget "MoyaEx" */;
			buildPhases = (
				FB031AB222F2BB060002B5DB /* Sources */,
				FB031AB322F2BB060002B5DB /* Frameworks */,
				FB031AB422F2BB060002B5DB /* Resources */,
			);
			buildRules = (
			);
			dependencies = (
			);
			name = MoyaEx;
			productName = MoyaEx;
			productReference = FB031AB622F2BB060002B5DB /* MoyaEx.app */;
			productType = "com.apple.product-type.application";
		};
/* End PBXNativeTarget section */

/* Begin PBXProject section */
		FB031AAE22F2BB060002B5DB /* Project object */ = {
			isa = PBXProject;
			attributes = {
				LastSwiftUpdateCheck = 1100;
				LastUpgradeCheck = 1100;
				ORGANIZATIONNAME = Endtry;
				TargetAttributes = {
					FB031AB522F2BB060002B5DB = {
						CreatedOnToolsVersion = 11.0;
					};
				};
			};
			buildConfigurationList = FB031AB122F2BB060002B5DB /* Build configuration list for PBXProject "MoyaEx" */;
			compatibilityVersion = "Xcode 9.3";
			developmentRegion = en;
			hasScannedForEncodings = 0;
			knownRegions = (
				en,
				Base,
			);
			mainGroup = FB031AAD22F2BB060002B5DB;
			productRefGroup = FB031AB722F2BB060002B5DB /* Products */;
			projectDirPath = "";
			projectRoot = "";
			targets = (
				FB031AB522F2BB060002B5DB /* MoyaEx */,
			);
		};
/* End PBXProject section */

/* Begin PBXResourcesBuildPhase section */
		FB031AB422F2BB060002B5DB /* Resources */ = {
			isa = PBXResourcesBuildPhase;
			buildActionMask = 2147483647;
			files = (
				FB031AC622F2BB070002B5DB /* LaunchScreen.storyboard in Resources */,
				FB031AC322F2BB070002B5DB /* Preview Assets.xcassets in Resources */,
				FB031AC022F2BB070002B5DB /* Assets.xcassets in Resources */,
			);
			runOnlyForDeploymentPostprocessing = 0;
		};
/* End PBXResourcesBuildPhase section */

/* Begin PBXSourcesBuildPhase section */
		FB031AB222F2BB060002B5DB /* Sources */ = {
			isa = PBXSourcesBuildPhase;
			buildActionMask = 2147483647;
			files = (
				FB031ABA22F2BB060002B5DB /* AppDelegate.swift in Sources */,
				FB031ABC22F2BB060002B5DB /* SceneDelegate.swift in Sources */,
				FB031ABE22F2BB060002B5DB /* ContentView.swift in Sources */,
			);
			runOnlyForDeploymentPostprocessing = 0;
		};
/* End PBXSourcesBuildPhase section */

/* Begin PBXVariantGroup section */
		FB031AC422F2BB070002B5DB /* LaunchScreen.storyboard */ = {
			isa = PBXVariantGroup;
			children = (
				FB031AC522F2BB070002B5DB /* Base */,
			);
			name = LaunchScreen.storyboard;
			sourceTree = "<group>";
		};
/* End PBXVariantGroup section */

/* Begin XCBuildConfiguration section */
		FB031AC822F2BB070002B5DB /* Debug */ = {
			isa = XCBuildConfiguration;
			buildSettings = {
				ALWAYS_SEARCH_USER_PATHS = NO;
				CLANG_ANALYZER_NONNULL = YES;
				CLANG_ANALYZER_NUMBER_OBJECT_CONVERSION = YES_AGGRESSIVE;
				CLANG_CXX_LANGUAGE_STANDARD = "gnu++14";
				CLANG_CXX_LIBRARY = "libc++";
				CLANG_ENABLE_MODULES = YES;
				CLANG_ENABLE_OBJC_ARC = YES;
				CLANG_ENABLE_OBJC_WEAK = YES;
				CLANG_WARN_BLOCK_CAPTURE_AUTORELEASING = YES;
				CLANG_WARN_BOOL_CONVERSION = YES;
				CLANG_WARN_COMMA = YES;
				CLANG_WARN_CONSTANT_CONVERSION = YES;
				CLANG_WARN_DEPRECATED_OBJC_IMPLEMENTATIONS = YES;
				CLANG_WARN_DIRECT_OBJC_ISA_USAGE = YES_ERROR;
				CLANG_WARN_DOCUMENTATION_COMMENTS = YES;
				CLANG_WARN_EMPTY_BODY = YES;
				CLANG_WARN_ENUM_CONVERSION = YES;
				CLANG_WARN_INFINITE_RECURSION = YES;
				CLANG_WARN_INT_CONVERSION = YES;
				CLANG_WARN_NON_LITERAL_NULL_CONVERSION = YES;
				CLANG_WARN_OBJC_IMPLICIT_RETAIN_SELF = YES;
				CLANG_WARN_OBJC_LITERAL_CONVERSION = YES;
				CLANG_WARN_OBJC_ROOT_CLASS = YES_ERROR;
				CLANG_WARN_RANGE_LOOP_ANALYSIS = YES;
				CLANG_WARN_STRICT_PROTOTYPES = YES;
				CLANG_WARN_SUSPICIOUS_MOVE = YES;
				CLANG_WARN_UNGUARDED_AVAILABILITY = YES_AGGRESSIVE;
				CLANG_WARN_UNREACHABLE_CODE = YES;
				CLANG_WARN__DUPLICATE_METHOD_MATCH = YES;
				COPY_PHASE_STRIP = NO;
				DEBUG_INFORMATION_FORMAT = dwarf;
				ENABLE_STRICT_OBJC_MSGSEND = YES;
				ENABLE_TESTABILITY = YES;
				GCC_C_LANGUAGE_STANDARD = gnu11;
				GCC_DYNAMIC_NO_PIC = NO;
				GCC_NO_COMMON_BLOCKS = YES;
				GCC_OPTIMIZATION_LEVEL = 0;
				GCC_PREPROCESSOR_DEFINITIONS = (
					"DEBUG=1",
					"$(inherited)",
				);
				GCC_WARN_64_TO_32_BIT_CONVERSION = YES;
				GCC_WARN_ABOUT_RETURN_TYPE = YES_ERROR;
				GCC_WARN_UNDECLARED_SELECTOR = YES;
				GCC_WARN_UNINITIALIZED_AUTOS = YES_AGGRESSIVE;
				GCC_WARN_UNUSED_FUNCTION = YES;
				GCC_WARN_UNUSED_VARIABLE = YES;
				IPHONEOS_DEPLOYMENT_TARGET = 13.0;
				MTL_ENABLE_DEBUG_INFO = INCLUDE_SOURCE;
				MTL_FAST_MATH = YES;
				ONLY_ACTIVE_ARCH = YES;
				SDKROOT = iphoneos;
				SWIFT_ACTIVE_COMPILATION_CONDITIONS = DEBUG;
				SWIFT_OPTIMIZATION_LEVEL = "-Onone";
			};
			name = Debug;
		};
		FB031AC922F2BB070002B5DB /* Release */ = {
			isa = XCBuildConfiguration;
			buildSettings = {
				ALWAYS_SEARCH_USER_PATHS = NO;
				CLANG_ANALYZER_NONNULL = YES;
				CLANG_ANALYZER_NUMBER_OBJECT_CONVERSION = YES_AGGRESSIVE;
				CLANG_CXX_LANGUAGE_STANDARD = "gnu++14";
				CLANG_CXX_LIBRARY = "libc++";
				CLANG_ENABLE_MODULES = YES;
				CLANG_ENABLE_OBJC_ARC = YES;
				CLANG_ENABLE_OBJC_WEAK = YES;
				CLANG_WARN_BLOCK_CAPTURE_AUTORELEASING = YES;
				CLANG_WARN_BOOL_CONVERSION = YES;
				CLANG_WARN_COMMA = YES;
				CLANG_WARN_CONSTANT_CONVERSION = YES;
				CLANG_WARN_DEPRECATED_OBJC_IMPLEMENTATIONS = YES;
				CLANG_WARN_DIRECT_OBJC_ISA_USAGE = YES_ERROR;
				CLANG_WARN_DOCUMENTATION_COMMENTS = YES;
				CLANG_WARN_EMPTY_BODY = YES;
				CLANG_WARN_ENUM_CONVERSION = YES;
				CLANG_WARN_INFINITE_RECURSION = YES;
				CLANG_WARN_INT_CONVERSION = YES;
				CLANG_WARN_NON_LITERAL_NULL_CONVERSION = YES;
				CLANG_WARN_OBJC_IMPLICIT_RETAIN_SELF = YES;
				CLANG_WARN_OBJC_LITERAL_CONVERSION = YES;
				CLANG_WARN_OBJC_ROOT_CLASS = YES_ERROR;
				CLANG_WARN_RANGE_LOOP_ANALYSIS = YES;
				CLANG_WARN_STRICT_PROTOTYPES = YES;
				CLANG_WARN_SUSPICIOUS_MOVE = YES;
				CLANG_WARN_UNGUARDED_AVAILABILITY = YES_AGGRESSIVE;
				CLANG_WARN_UNREACHABLE_CODE = YES;
				CLANG_WARN__DUPLICATE_METHOD_MATCH = YES;
				COPY_PHASE_STRIP = NO;
				DEBUG_INFORMATION_FORMAT = "dwarf-with-dsym";
				ENABLE_NS_ASSERTIONS = NO;
				ENABLE_STRICT_OBJC_MSGSEND = YES;
				GCC_C_LANGUAGE_STANDARD = gnu11;
				GCC_NO_COMMON_BLOCKS = YES;
				GCC_WARN_64_TO_32_BIT_CONVERSION = YES;
				GCC_WARN_ABOUT_RETURN_TYPE = YES_ERROR;
				GCC_WARN_UNDECLARED_SELECTOR = YES;
				GCC_WARN_UNINITIALIZED_AUTOS = YES_AGGRESSIVE;
				GCC_WARN_UNUSED_FUNCTION = YES;
				GCC_WARN_UNUSED_VARIABLE = YES;
				IPHONEOS_DEPLOYMENT_TARGET = 13.0;
				MTL_ENABLE_DEBUG_INFO = NO;
				MTL_FAST_MATH = YES;
				SDKROOT = iphoneos;
				SWIFT_COMPILATION_MODE = wholemodule;
				SWIFT_OPTIMIZATION_LEVEL = "-O";
				VALIDATE_PRODUCT = YES;
			};
			name = Release;
		};
		FB031ACB22F2BB070002B5DB /* Debug */ = {
			isa = XCBuildConfiguration;
			buildSettings = {
				ASSETCATALOG_COMPILER_APPICON_NAME = AppIcon;
				CODE_SIGN_STYLE = Automatic;
				DEVELOPMENT_ASSET_PATHS = "MoyaEx/Preview\\ Content";
				DEVELOPMENT_TEAM = 3ATXW43MG6;
				ENABLE_PREVIEWS = YES;
				INFOPLIST_FILE = MoyaEx/Info.plist;
				LD_RUNPATH_SEARCH_PATHS = (
					"$(inherited)",
					"@executable_path/Frameworks",
				);
				PRODUCT_BUNDLE_IDENTIFIER = com.prongbang.MoyaEx;
				PRODUCT_NAME = "$(TARGET_NAME)";
				SWIFT_VERSION = 5.0;
				TARGETED_DEVICE_FAMILY = "1,2";
			};
			name = Debug;
		};
		FB031ACC22F2BB070002B5DB /* Release */ = {
			isa = XCBuildConfiguration;
			buildSettings = {
				ASSETCATALOG_COMPILER_APPICON_NAME = AppIcon;
				CODE_SIGN_STYLE = Automatic;
				DEVELOPMENT_ASSET_PATHS = "MoyaEx/Preview\\ Content";
				DEVELOPMENT_TEAM = 3ATXW43MG6;
				ENABLE_PREVIEWS = YES;
				INFOPLIST_FILE = MoyaEx/Info.plist;
				LD_RUNPATH_SEARCH_PATHS = (
					"$(inherited)",
					"@executable_path/Frameworks",
				);
				PRODUCT_BUNDLE_IDENTIFIER = com.prongbang.MoyaEx;
				PRODUCT_NAME = "$(TARGET_NAME)";
				SWIFT_VERSION = 5.0;
				TARGETED_DEVICE_FAMILY = "1,2";
			};
			name = Release;
		};
/* End XCBuildConfiguration section */

/* Begin XCConfigurationList section */
		FB031AB122F2BB060002B5DB /* Build configuration list for PBXProject "MoyaEx" */ = {
			isa = XCConfigurationList;
			buildConfigurations = (
				FB031AC822F2BB070002B5DB /* Debug */,
				FB031AC922F2BB070002B5DB /* Release */,
			);
			defaultConfigurationIsVisible = 0;
			defaultConfigurationName = Release;
		};
		FB031ACA22F2BB070002B5DB /* Build configuration list for PBXNativeTarget "MoyaEx" */ = {
			isa = XCConfigurationList;
			buildConfigurations = (
				FB031ACB22F2BB070002B5DB /* Debug */,
				FB031ACC22F2BB070002B5DB /* Release */,
			);
			defaultConfigurationIsVisible = 0;
			defaultConfigurationName = Release;
		};
/* End XCConfigurationList section */
	};
	rootObject = FB031AAE22F2BB060002B5DB /* Project object */;
}
